<Solution>
  <Project Path="Ejercicio_01/Ejercicio_01.csproj" Id="214e31d3-a3df-427a-831e-5a4491f3b8a1" />
  <Project Path="Ejercicio_02/Ejercicio_02.csproj" Id="5ecfcc30-90ae-4166-9758-28262259780f" />
  <Project Path="Ejercicio_03/Ejercicio_03.csproj" Id="be9d762d-24b0-4779-971c-df23a53e67a5" />
  <Project Path="Ejercicio_04/Ejercicio_04.csproj" Id="410dc3fc-b6a5-4f32-9c1d-6154f0abb35f" />
  <Project Path="Ejercicio_05/Ejercicio_05.csproj" Id="ef09ff9b-9a63-46a6-ad6a-fe26b77124ea" />
  <Project Path="Ejercicio_06/Ejercicio_06.csproj" Id="9796ce11-9869-424f-89e3-6cc297fd51de" />
</Solution>
